// !$*UTF8*$!
{
	archiveVersion = 1;
	classes = {
	};
	objectVersion = 50;
	objects = {

/* Begin PBXBuildFile section */
		57DB7E71242893C50033909A /* AppDelegate.swift in Sources */ = {isa = PBXBuildFile; fileRef = 57DB7E70242893C50033909A /* AppDelegate.swift */; };
		57DB7E73242893C50033909A /* SceneDelegate.swift in Sources */ = {isa = PBXBuildFile; fileRef = 57DB7E72242893C50033909A /* SceneDelegate.swift */; };
		57DB7E75242893C50033909A /* ViewController.swift in Sources */ = {isa = PBXBuildFile; fileRef = 57DB7E74242893C50033909A /* ViewController.swift */; };
		57DB7E78242893C50033909A /* Main.storyboard in Resources */ = {isa = PBXBuildFile; fileRef = 57DB7E76242893C50033909A /* Main.storyboard */; };
		57DB7E7A242893C90033909A /* Assets.xcassets in Resources */ = {isa = PBXBuildFile; fileRef = 57DB7E79242893C90033909A /* Assets.xcassets */; };
		57DB7E7D242893C90033909A /* LaunchScreen.storyboard in Resources */ = {isa = PBXBuildFile; fileRef = 57DB7E7B242893C90033909A /* LaunchScreen.storyboard */; };
		57DB7E88242893C90033909A /* AppleIdLoginTests.swift in Sources */ = {isa = PBXBuildFile; fileRef = 57DB7E87242893C90033909A /* AppleIdLoginTests.swift */; };
/* End PBXBuildFile section */

/* Begin PBXContainerItemProxy section */
		57DB7E84242893C90033909A /* PBXContainerItemProxy */ = {
			isa = PBXContainerItemProxy;
			containerPortal = 57DB7E65242893C40033909A /* Project object */;
			proxyType = 1;
			remoteGlobalIDString = 57DB7E6C242893C50033909A;
			remoteInfo = AppleIdLogin;
		};
/* End PBXContainerItemProxy section */

/* Begin PBXFileReference section */
		57DB7E6D242893C50033909A /* AppleIdLogin.app */ = {isa = PBXFileReference; explicitFileType = wrapper.application; includeInIndex = 0; path = AppleIdLogin.app; sourceTree = BUILT_PRODUCTS_DIR; };
		57DB7E70242893C50033909A /* AppDelegate.swift */ = {isa = PBXFileReference; lastKnownFileType = sourcecode.swift; path = AppDelegate.swift; sourceTree = "<group>"; };
		57DB7E72242893C50033909A /* SceneDelegate.swift */ = {isa = PBXFileReference; lastKnownFileType = sourcecode.swift; path = SceneDelegate.swift; sourceTree = "<group>"; };
		57DB7E74242893C50033909A /* ViewController.swift */ = {isa = PBXFileReference; lastKnownFileType = sourcecode.swift; path = ViewController.swift; sourceTree = "<group>"; };
		57DB7E77242893C50033909A /* Base */ = {isa = PBXFileReference; lastKnownFileType = file.storyboard; name = Base; path = Base.lproj/Main.storyboard; sourceTree = "<group>"; };
		57DB7E79242893C90033909A /* Assets.xcassets */ = {isa = PBXFileReference; lastKnownFileType = folder.assetcatalog; path = Assets.xcassets; sourceTree = "<group>"; };
		57DB7E7C242893C90033909A /* Base */ = {isa = PBXFileReference; lastKnownFileType = file.storyboard; name = Base; path = Base.lproj/LaunchScreen.storyboard; sourceTree = "<group>"; };
		57DB7E7E242893C90033909A /* Info.plist */ = {isa = PBXFileReference; lastKnownFileType = text.plist.xml; path = Info.plist; sourceTree = "<group>"; };
		57DB7E83242893C90033909A /* AppleIdLoginTests.xctest */ = {isa = PBXFileReference; explicitFileType = wrapper.cfbundle; includeInIndex = 0; path = AppleIdLoginTests.xctest; sourceTree = BUILT_PRODUCTS_DIR; };
		57DB7E87242893C90033909A /* AppleIdLoginTests.swift */ = {isa = PBXFileReference; lastKnownFileType = sourcecode.swift; path = AppleIdLoginTests.swift; sourceTree = "<group>"; };
		57DB7E89242893C90033909A /* Info.plist */ = {isa = PBXFileReference; lastKnownFileType = text.plist.xml; path = Info.plist; sourceTree = "<group>"; };
/* End PBXFileReference section */

/* Begin PBXFrameworksBuildPhase section */
		57DB7E6A242893C50033909A /* Frameworks */ = {
			isa = PBXFrameworksBuildPhase;
			buildActionMask = 2147483647;
			files = (
			);
			runOnlyForDeploymentPostprocessing = 0;
		};
		57DB7E80242893C90033909A /* Frameworks */ = {
			isa = PBXFrameworksBuildPhase;
			buildActionMask = 2147483647;
			files = (
			);
			runOnlyForDeploymentPostprocessing = 0;
		};
/* End PBXFrameworksBuildPhase section */

/* Begin PBXGroup section */
		57DB7E64242893C40033909A = {
			isa = PBXGroup;
			children = (
				57DB7E6F242893C50033909A /* AppleIdLogin */,
				57DB7E86242893C90033909A /* AppleIdLoginTests */,
				57DB7E6E242893C50033909A /* Products */,
			);
			sourceTree = "<group>";
		};
		57DB7E6E242893C50033909A /* Products */ = {
			isa = PBXGroup;
			children = (
				57DB7E6D242893C50033909A /* AppleIdLogin.app */,
				57DB7E83242893C90033909A /* AppleIdLoginTests.xctest */,
			);
			name = Products;
			sourceTree = "<group>";
		};
		57DB7E6F242893C50033909A /* AppleIdLogin */ = {
			isa = PBXGroup;
			children = (
				57DB7E70242893C50033909A /* AppDelegate.swift */,
				57DB7E72242893C50033909A /* SceneDelegate.swift */,
				57DB7E74242893C50033909A /* ViewController.swift */,
				57DB7E76242893C50033909A /* Main.storyboard */,
				57DB7E79242893C90033909A /* Assets.xcassets */,
				57DB7E7B242893C90033909A /* LaunchScreen.storyboard */,
				57DB7E7E242893C90033909A /* Info.plist */,
			);
			path = AppleIdLogin;
			sourceTree = "<group>";
		};
		57DB7E86242893C90033909A /* AppleIdLoginTests */ = {
			isa = PBXGroup;
			children = (
				57DB7E87242893C90033909A /* AppleIdLoginTests.swift */,
				57DB7E89242893C90033909A /* Info.plist */,
			);
			path = AppleIdLoginTests;
			sourceTree = "<group>";
		};
/* End PBXGroup section */

/* Begin PBXNativeTarget section */
		57DB7E6C242893C50033909A /* AppleIdLogin */ = {
			isa = PBXNativeTarget;
			buildConfigurationList = 57DB7E8C242893C90033909A /* Build configuration list for PBXNativeTarget "AppleIdLogin" */;
			buildPhases = (
				57DB7E69242893C50033909A /* Sources */,
				57DB7E6A242893C50033909A /* Frameworks */,
				57DB7E6B242893C50033909A /* Resources */,
			);
			buildRules = (
			);
			dependencies = (
			);
			name = AppleIdLogin;
			productName = AppleIdLogin;
			productReference = 57DB7E6D242893C50033909A /* AppleIdLogin.app */;
			productType = "com.apple.product-type.application";
		};
		57DB7E82242893C90033909A /* AppleIdLoginTests */ = {
			isa = PBXNativeTarget;
			buildConfigurationList = 57DB7E8F242893C90033909A /* Build configuration list for PBXNativeTarget "AppleIdLoginTests" */;
			buildPhases = (
				57DB7E7F242893C90033909A /* Sources */,
				57DB7E80242893C90033909A /* Frameworks */,
				57DB7E81242893C90033909A /* Resources */,
			);
			buildRules = (
			);
			dependencies = (
				57DB7E85242893C90033909A /* PBXTargetDependency */,
			);
			name = AppleIdLoginTests;
			productName = AppleIdLoginTests;
			productReference = 57DB7E83242893C90033909A /* AppleIdLoginTests.xctest */;
			productType = "com.apple.product-type.bundle.unit-test";
		};
/* End PBXNativeTarget section */

/* Begin PBXProject section */
		57DB7E65242893C40033909A /* Project object */ = {
			isa = PBXProject;
			attributes = {
				LastSwiftUpdateCheck = 1130;
				LastUpgradeCheck = 1130;
				ORGANIZATIONNAME = "Creative Software";
				TargetAttributes = {
					57DB7E6C242893C50033909A = {
						CreatedOnToolsVersion = 11.3.1;
					};
					57DB7E82242893C90033909A = {
						CreatedOnToolsVersion = 11.3.1;
						TestTargetID = 57DB7E6C242893C50033909A;
					};
				};
			};
			buildConfigurationList = 57DB7E68242893C40033909A /* Build configuration list for PBXProject "AppleIdLogin" */;
			compatibilityVersion = "Xcode 9.3";
			developmentRegion = en;
			hasScannedForEncodings = 0;
			knownRegions = (
				en,
				Base,
			);
			mainGroup = 57DB7E64242893C40033909A;
			productRefGroup = 57DB7E6E242893C50033909A /* Products */;
			projectDirPath = "";
			projectRoot = "";
			targets = (
				57DB7E6C242893C50033909A /* AppleIdLogin */,
				57DB7E82242893C90033909A /* AppleIdLoginTests */,
			);
		};
/* End PBXProject section */

/* Begin PBXResourcesBuildPhase section */
		57DB7E6B242893C50033909A /* Resources */ = {
			isa = PBXResourcesBuildPhase;
			buildActionMask = 2147483647;
			files = (
				57DB7E7D242893C90033909A /* LaunchScreen.storyboard in Resources */,
				57DB7E7A242893C90033909A /* Assets.xcassets in Resources */,
				57DB7E78242893C50033909A /* Main.storyboard in Resources */,
			);
			runOnlyForDeploymentPostprocessing = 0;
		};
		57DB7E81242893C90033909A /* Resources */ = {
			isa = PBXResourcesBuildPhase;
			buildActionMask = 2147483647;
			files = (
			);
			runOnlyForDeploymentPostprocessing = 0;
		};
/* End PBXResourcesBuildPhase section */

/* Begin PBXSourcesBuildPhase section */
		57DB7E69242893C50033909A /* Sources */ = {
			isa = PBXSourcesBuildPhase;
			buildActionMask = 2147483647;
			files = (
				57DB7E75242893C50033909A /* ViewController.swift in Sources */,
				57DB7E71242893C50033909A /* AppDelegate.swift in Sources */,
				57DB7E73242893C50033909A /* SceneDelegate.swift in Sources */,
			);
			runOnlyForDeploymentPostprocessing = 0;
		};
		57DB7E7F242893C90033909A /* Sources */ = {
			isa = PBXSourcesBuildPhase;
			buildActionMask = 2147483647;
			files = (
				57DB7E88242893C90033909A /* AppleIdLoginTests.swift in Sources */,
			);
			runOnlyForDeploymentPostprocessing = 0;
		};
/* End PBXSourcesBuildPhase section */

/* Begin PBXTargetDependency section */
		57DB7E85242893C90033909A /* PBXTargetDependency */ = {
			isa = PBXTargetDependency;
			target = 57DB7E6C242893C50033909A /* AppleIdLogin */;
			targetProxy = 57DB7E84242893C90033909A /* PBXContainerItemProxy */;
		};
/* End PBXTargetDependency section */

/* Begin PBXVariantGroup section */
		57DB7E76242893C50033909A /* Main.storyboard */ = {
			isa = PBXVariantGroup;
			children = (
				57DB7E77242893C50033909A /* Base */,
			);
			name = Main.storyboard;
			sourceTree = "<group>";
		};
		57DB7E7B242893C90033909A /* LaunchScreen.storyboard */ = {
			isa = PBXVariantGroup;
			children = (
				57DB7E7C242893C90033909A /* Base */,
			);
			name = LaunchScreen.storyboard;
			sourceTree = "<group>";
		};
/* End PBXVariantGroup section */

/* Begin XCBuildConfiguration section */
		57DB7E8A242893C90033909A /* Debug */ = {
			isa = XCBuildConfiguration;
			buildSettings = {
				ALWAYS_SEARCH_USER_PATHS = NO;
				CLANG_ANALYZER_NONNULL = YES;
				CLANG_ANALYZER_NUMBER_OBJECT_CONVERSION = YES_AGGRESSIVE;
				CLANG_CXX_LANGUAGE_STANDARD = "gnu++14";
				CLANG_CXX_LIBRARY = "libc++";
				CLANG_ENABLE_MODULES = YES;
				CLANG_ENABLE_OBJC_ARC = YES;
				CLANG_ENABLE_OBJC_WEAK = YES;
				CLANG_WARN_BLOCK_CAPTURE_AUTORELEASING = YES;
				CLANG_WARN_BOOL_CONVERSION = YES;
				CLANG_WARN_COMMA = YES;
				CLANG_WARN_CONSTANT_CONVERSION = YES;
				CLANG_WARN_DEPRECATED_OBJC_IMPLEMENTATIONS = YES;
				CLANG_WARN_DIRECT_OBJC_ISA_USAGE = YES_ERROR;
				CLANG_WARN_DOCUMENTATION_COMMENTS = YES;
				CLANG_WARN_EMPTY_BODY = YES;
				CLANG_WARN_ENUM_CONVERSION = YES;
				CLANG_WARN_INFINITE_RECURSION = YES;
				CLANG_WARN_INT_CONVERSION = YES;
				CLANG_WARN_NON_LITERAL_NULL_CONVERSION = YES;
				CLANG_WARN_OBJC_IMPLICIT_RETAIN_SELF = YES;
				CLANG_WARN_OBJC_LITERAL_CONVERSION = YES;
				CLANG_WARN_OBJC_ROOT_CLASS = YES_ERROR;
				CLANG_WARN_RANGE_LOOP_ANALYSIS = YES;
				CLANG_WARN_STRICT_PROTOTYPES = YES;
				CLANG_WARN_SUSPICIOUS_MOVE = YES;
				CLANG_WARN_UNGUARDED_AVAILABILITY = YES_AGGRESSIVE;
				CLANG_WARN_UNREACHABLE_CODE = YES;
				CLANG_WARN__DUPLICATE_METHOD_MATCH = YES;
				COPY_PHASE_STRIP = NO;
				DEBUG_INFORMATION_FORMAT = dwarf;
				ENABLE_STRICT_OBJC_MSGSEND = YES;
				ENABLE_TESTABILITY = YES;
				GCC_C_LANGUAGE_STANDARD = gnu11;
				GCC_DYNAMIC_NO_PIC = NO;
				GCC_NO_COMMON_BLOCKS = YES;
				GCC_OPTIMIZATION_LEVEL = 0;
				GCC_PREPROCESSOR_DEFINITIONS = (
					"DEBUG=1",
					"$(inherited)",
				);
				GCC_WARN_64_TO_32_BIT_CONVERSION = YES;
				GCC_WARN_ABOUT_RETURN_TYPE = YES_ERROR;
				GCC_WARN_UNDECLARED_SELECTOR = YES;
				GCC_WARN_UNINITIALIZED_AUTOS = YES_AGGRESSIVE;
				GCC_WARN_UNUSED_FUNCTION = YES;
				GCC_WARN_UNUSED_VARIABLE = YES;
				IPHONEOS_DEPLOYMENT_TARGET = 13.2;
				MTL_ENABLE_DEBUG_INFO = INCLUDE_SOURCE;
				MTL_FAST_MATH = YES;
				ONLY_ACTIVE_ARCH = YES;
				SDKROOT = iphoneos;
				SWIFT_ACTIVE_COMPILATION_CONDITIONS = DEBUG;
				SWIFT_OPTIMIZATION_LEVEL = "-Onone";
			};
			name = Debug;
		};
		57DB7E8B242893C90033909A /* Release */ = {
			isa = XCBuildConfiguration;
			buildSettings = {
				ALWAYS_SEARCH_USER_PATHS = NO;
				CLANG_ANALYZER_NONNULL = YES;
				CLANG_ANALYZER_NUMBER_OBJECT_CONVERSION = YES_AGGRESSIVE;
				CLANG_CXX_LANGUAGE_STANDARD = "gnu++14";
				CLANG_CXX_LIBRARY = "libc++";
				CLANG_ENABLE_MODULES = YES;
				CLANG_ENABLE_OBJC_ARC = YES;
				CLANG_ENABLE_OBJC_WEAK = YES;
				CLANG_WARN_BLOCK_CAPTURE_AUTORELEASING = YES;
				CLANG_WARN_BOOL_CONVERSION = YES;
				CLANG_WARN_COMMA = YES;
				CLANG_WARN_CONSTANT_CONVERSION = YES;
				CLANG_WARN_DEPRECATED_OBJC_IMPLEMENTATIONS = YES;
				CLANG_WARN_DIRECT_OBJC_ISA_USAGE = YES_ERROR;
				CLANG_WARN_DOCUMENTATION_COMMENTS = YES;
				CLANG_WARN_EMPTY_BODY = YES;
				CLANG_WARN_ENUM_CONVERSION = YES;
				CLANG_WARN_INFINITE_RECURSION = YES;
				CLANG_WARN_INT_CONVERSION = YES;
				CLANG_WARN_NON_LITERAL_NULL_CONVERSION = YES;
				CLANG_WARN_OBJC_IMPLICIT_RETAIN_SELF = YES;
				CLANG_WARN_OBJC_LITERAL_CONVERSION = YES;
				CLANG_WARN_OBJC_ROOT_CLASS = YES_ERROR;
				CLANG_WARN_RANGE_LOOP_ANALYSIS = YES;
				CLANG_WARN_STRICT_PROTOTYPES = YES;
				CLANG_WARN_SUSPICIOUS_MOVE = YES;
				CLANG_WARN_UNGUARDED_AVAILABILITY = YES_AGGRESSIVE;
				CLANG_WARN_UNREACHABLE_CODE = YES;
				CLANG_WARN__DUPLICATE_METHOD_MATCH = YES;
				COPY_PHASE_STRIP = NO;
				DEBUG_INFORMATION_FORMAT = "dwarf-with-dsym";
				ENABLE_NS_ASSERTIONS = NO;
				ENABLE_STRICT_OBJC_MSGSEND = YES;
				GCC_C_LANGUAGE_STANDARD = gnu11;
				GCC_NO_COMMON_BLOCKS = YES;
				GCC_WARN_64_TO_32_BIT_CONVERSION = YES;
				GCC_WARN_ABOUT_RETURN_TYPE = YES_ERROR;
				GCC_WARN_UNDECLARED_SELECTOR = YES;
				GCC_WARN_UNINITIALIZED_AUTOS = YES_AGGRESSIVE;
				GCC_WARN_UNUSED_FUNCTION = YES;
				GCC_WARN_UNUSED_VARIABLE = YES;
				IPHONEOS_DEPLOYMENT_TARGET = 13.2;
				MTL_ENABLE_DEBUG_INFO = NO;
				MTL_FAST_MATH = YES;
				SDKROOT = iphoneos;
				SWIFT_COMPILATION_MODE = wholemodule;
				SWIFT_OPTIMIZATION_LEVEL = "-O";
				VALIDATE_PRODUCT = YES;
			};
			name = Release;
		};
		57DB7E8D242893C90033909A /* Debug */ = {
			isa = XCBuildConfiguration;
			buildSettings = {
				ASSETCATALOG_COMPILER_APPICON_NAME = AppIcon;
				CODE_SIGN_STYLE = Automatic;
				DEVELOPMENT_TEAM = T52625HQ2L;
				INFOPLIST_FILE = AppleIdLogin/Info.plist;
				LD_RUNPATH_SEARCH_PATHS = (
					"$(inherited)",
					"@executable_path/Frameworks",
				);
				PRODUCT_BUNDLE_IDENTIFIER = CreativeSoftware.AppleIdLogin;
				PRODUCT_NAME = "$(TARGET_NAME)";
				SWIFT_VERSION = 5.0;
				TARGETED_DEVICE_FAMILY = "1,2";
			};
			name = Debug;
		};
		57DB7E8E242893C90033909A /* Release */ = {
			isa = XCBuildConfiguration;
			buildSettings = {
				ASSETCATALOG_COMPILER_APPICON_NAME = AppIcon;
				CODE_SIGN_STYLE = Automatic;
				DEVELOPMENT_TEAM = T52625HQ2L;
				INFOPLIST_FILE = AppleIdLogin/Info.plist;
				LD_RUNPATH_SEARCH_PATHS = (
					"$(inherited)",
					"@executable_path/Frameworks",
				);
				PRODUCT_BUNDLE_IDENTIFIER = CreativeSoftware.AppleIdLogin;
				PRODUCT_NAME = "$(TARGET_NAME)";
				SWIFT_VERSION = 5.0;
				TARGETED_DEVICE_FAMILY = "1,2";
			};
			name = Release;
		};
		57DB7E90242893C90033909A /* Debug */ = {
			isa = XCBuildConfiguration;
			buildSettings = {
				ALWAYS_EMBED_SWIFT_STANDARD_LIBRARIES = YES;
				BUNDLE_LOADER = "$(TEST_HOST)";
				CODE_SIGN_STYLE = Automatic;
				DEVELOPMENT_TEAM = T52625HQ2L;
				INFOPLIST_FILE = AppleIdLoginTests/Info.plist;
				IPHONEOS_DEPLOYMENT_TARGET = 13.2;
				LD_RUNPATH_SEARCH_PATHS = (
					"$(inherited)",
					"@executable_path/Frameworks",
					"@loader_path/Frameworks",
				);
				PRODUCT_BUNDLE_IDENTIFIER = CreativeSoftware.AppleIdLoginTests;
				PRODUCT_NAME = "$(TARGET_NAME)";
				SWIFT_VERSION = 5.0;
				TARGETED_DEVICE_FAMILY = "1,2";
				TEST_HOST = "$(BUILT_PRODUCTS_DIR)/AppleIdLogin.app/AppleIdLogin";
			};
			name = Debug;
		};
		57DB7E91242893C90033909A /* Release */ = {
			isa = XCBuildConfiguration;
			buildSettings = {
				ALWAYS_EMBED_SWIFT_STANDARD_LIBRARIES = YES;
				BUNDLE_LOADER = "$(TEST_HOST)";
				CODE_SIGN_STYLE = Automatic;
				DEVELOPMENT_TEAM = T52625HQ2L;
				INFOPLIST_FILE = AppleIdLoginTests/Info.plist;
				IPHONEOS_DEPLOYMENT_TARGET = 13.2;
				LD_RUNPATH_SEARCH_PATHS = (
					"$(inherited)",
					"@executable_path/Frameworks",
					"@loader_path/Frameworks",
				);
				PRODUCT_BUNDLE_IDENTIFIER = CreativeSoftware.AppleIdLoginTests;
				PRODUCT_NAME = "$(TARGET_NAME)";
				SWIFT_VERSION = 5.0;
				TARGETED_DEVICE_FAMILY = "1,2";
				TEST_HOST = "$(BUILT_PRODUCTS_DIR)/AppleIdLogin.app/AppleIdLogin";
			};
			name = Release;
		};
/* End XCBuildConfiguration section */

/* Begin XCConfigurationList section */
		57DB7E68242893C40033909A /* Build configuration list for PBXProject "AppleIdLogin" */ = {
			isa = XCConfigurationList;
			buildConfigurations = (
				57DB7E8A242893C90033909A /* Debug */,
				57DB7E8B242893C90033909A /* Release */,
			);
			defaultConfigurationIsVisible = 0;
			defaultConfigurationName = Release;
		};
		57DB7E8C242893C90033909A /* Build configuration list for PBXNativeTarget "AppleIdLogin" */ = {
			isa = XCConfigurationList;
			buildConfigurations = (
				57DB7E8D242893C90033909A /* Debug */,
				57DB7E8E242893C90033909A /* Release */,
			);
			defaultConfigurationIsVisible = 0;
			defaultConfigurationName = Release;
		};
		57DB7E8F242893C90033909A /* Build configuration list for PBXNativeTarget "AppleIdLoginTests" */ = {
			isa = XCConfigurationList;
			buildConfigurations = (
				57DB7E90242893C90033909A /* Debug */,
				57DB7E91242893C90033909A /* Release */,
			);
			defaultConfigurationIsVisible = 0;
			defaultConfigurationName = Release;
		};
/* End XCConfigurationList section */
	};
	rootObject = 57DB7E65242893C40033909A /* Project object */;
}
